
Microsoft Visual Studio Solution File, Format Version 12.00
# Visual Studio Version 16
VisualStudioVersion = 16.0.29519.181
MinimumVisualStudioVersion = 10.0.40219.1
Project("{FAE04EC0-301F-11D3-BF4B-00C04F79EFBC}") = "AspNetCoreApps", "AspNetCoreApps\AspNetCoreApps.csproj", "{5DA1CD78-F64E-4C9F-A881-1CB8AD0BD8A0}"
EndProject
Global
	GlobalSection(SolutionConfigurationPlatforms) = preSolution
		Debug|Any CPU = Debug|Any CPU
		Release|Any CPU = Release|Any CPU
	EndGlobalSection
	GlobalSection(ProjectConfigurationPlatforms) = postSolution
		{5DA1CD78-F64E-4C9F-A881-1CB8AD0BD8A0}.Debug|Any CPU.ActiveCfg = Debug|Any CPU
		{5DA1CD78-F64E-4C9F-A881-1CB8AD0BD8A0}.Debug|Any CPU.Build.0 = Debug|Any CPU
		{5DA1CD78-F64E-4C9F-A881-1CB8AD0BD8A0}.Release|Any CPU.ActiveCfg = Release|Any CPU
		{5DA1CD78-F64E-4C9F-A881-1CB8AD0BD8A0}.Release|Any CPU.Build.0 = Release|Any CPU
	EndGlobalSection
	GlobalSection(SolutionProperties) = preSolution
		HideSolutionNode = FALSE
	EndGlobalSection
	GlobalSection(ExtensibilityGlobals) = postSolution
		SolutionGuid = {B19EBBBE-FE4B-4B0C-B266-F27C0B5F207E}
	EndGlobalSection
EndGlobal
